// !$*UTF8*$!
{
	archiveVersion = 1;
	classes = {
	};
	objectVersion = 55;
	objects = {

/* Begin PBXBuildFile section */
		7AD12B106144A0B6EB3C3BD7 /* Pods_Flix_MoviesTests.framework in Frameworks */ = {isa = PBXBuildFile; fileRef = AB1A9D07F243E8D2C267FE69 /* Pods_Flix_MoviesTests.framework */; };
		92DA139B27CABE5500C8DBF8 /* MovieDetailsViewController.swift in Sources */ = {isa = PBXBuildFile; fileRef = 92DA139A27CABE5500C8DBF8 /* MovieDetailsViewController.swift */; };
		92DA139D27CACF5300C8DBF8 /* MovieGridViewController.swift in Sources */ = {isa = PBXBuildFile; fileRef = 92DA139C27CACF5300C8DBF8 /* MovieGridViewController.swift */; };
		92DA139F27CAD1F200C8DBF8 /* MoviegridCell.swift in Sources */ = {isa = PBXBuildFile; fileRef = 92DA139E27CAD1F200C8DBF8 /* MoviegridCell.swift */; };
		92E473AA27C1AA5A003FBEE7 /* AppDelegate.swift in Sources */ = {isa = PBXBuildFile; fileRef = 92E473A927C1AA5A003FBEE7 /* AppDelegate.swift */; };
		92E473AC27C1AA5A003FBEE7 /* SceneDelegate.swift in Sources */ = {isa = PBXBuildFile; fileRef = 92E473AB27C1AA5A003FBEE7 /* SceneDelegate.swift */; };
		92E473AE27C1AA5A003FBEE7 /* ViewController.swift in Sources */ = {isa = PBXBuildFile; fileRef = 92E473AD27C1AA5A003FBEE7 /* ViewController.swift */; };
		92E473B127C1AA5A003FBEE7 /* Main.storyboard in Resources */ = {isa = PBXBuildFile; fileRef = 92E473AF27C1AA5A003FBEE7 /* Main.storyboard */; };
		92E473B327C1AA5C003FBEE7 /* Assets.xcassets in Resources */ = {isa = PBXBuildFile; fileRef = 92E473B227C1AA5C003FBEE7 /* Assets.xcassets */; };
		92E473B627C1AA5C003FBEE7 /* LaunchScreen.storyboard in Resources */ = {isa = PBXBuildFile; fileRef = 92E473B427C1AA5C003FBEE7 /* LaunchScreen.storyboard */; };
		92E473C127C1AA5D003FBEE7 /* Flix_MoviesTests.swift in Sources */ = {isa = PBXBuildFile; fileRef = 92E473C027C1AA5D003FBEE7 /* Flix_MoviesTests.swift */; };
		92E473CB27C1AA5D003FBEE7 /* Flix_MoviesUITests.swift in Sources */ = {isa = PBXBuildFile; fileRef = 92E473CA27C1AA5D003FBEE7 /* Flix_MoviesUITests.swift */; };
		92E473CD27C1AA5D003FBEE7 /* Flix_MoviesUITestsLaunchTests.swift in Sources */ = {isa = PBXBuildFile; fileRef = 92E473CC27C1AA5D003FBEE7 /* Flix_MoviesUITestsLaunchTests.swift */; };
		92E473DA27C1AA9C003FBEE7 /* MovieViewController.swift in Sources */ = {isa = PBXBuildFile; fileRef = 92E473D927C1AA9C003FBEE7 /* MovieViewController.swift */; };
		92E473DC27C1B024003FBEE7 /* MovieCell.swift in Sources */ = {isa = PBXBuildFile; fileRef = 92E473DB27C1B024003FBEE7 /* MovieCell.swift */; };
		92E473DF27C1B479003FBEE7 /* AlamofireImage in Frameworks */ = {isa = PBXBuildFile; productRef = 92E473DE27C1B479003FBEE7 /* AlamofireImage */; };
		AAE1E31776401210A1629B43 /* Pods_Flix_Movies_Flix_MoviesUITests.framework in Frameworks */ = {isa = PBXBuildFile; fileRef = 1B9CCA0B13296ECBE8C15221 /* Pods_Flix_Movies_Flix_MoviesUITests.framework */; };
		C002205D77863D1EFFA2BFCC /* Pods_Flix_Movies.framework in Frameworks */ = {isa = PBXBuildFile; fileRef = D32357109CF531CE47E02200 /* Pods_Flix_Movies.framework */; };
/* End PBXBuildFile section */

/* Begin PBXContainerItemProxy section */
		92E473BD27C1AA5D003FBEE7 /* PBXContainerItemProxy */ = {
			isa = PBXContainerItemProxy;
			containerPortal = 92E4739E27C1AA5A003FBEE7 /* Project object */;
			proxyType = 1;
			remoteGlobalIDString = 92E473A527C1AA5A003FBEE7;
			remoteInfo = "Flix Movies";
		};
		92E473C727C1AA5D003FBEE7 /* PBXContainerItemProxy */ = {
			isa = PBXContainerItemProxy;
			containerPortal = 92E4739E27C1AA5A003FBEE7 /* Project object */;
			proxyType = 1;
			remoteGlobalIDString = 92E473A527C1AA5A003FBEE7;
			remoteInfo = "Flix Movies";
		};
/* End PBXContainerItemProxy section */

/* Begin PBXFileReference section */
		001727CFAF38A2F941B3AF3A /* Pods-Flix Movies-Flix MoviesUITests.debug.xcconfig */ = {isa = PBXFileReference; includeInIndex = 1; lastKnownFileType = text.xcconfig; name = "Pods-Flix Movies-Flix MoviesUITests.debug.xcconfig"; path = "Target Support Files/Pods-Flix Movies-Flix MoviesUITests/Pods-Flix Movies-Flix MoviesUITests.debug.xcconfig"; sourceTree = "<group>"; };
		1B9CCA0B13296ECBE8C15221 /* Pods_Flix_Movies_Flix_MoviesUITests.framework */ = {isa = PBXFileReference; explicitFileType = wrapper.framework; includeInIndex = 0; path = Pods_Flix_Movies_Flix_MoviesUITests.framework; sourceTree = BUILT_PRODUCTS_DIR; };
		1D947AF5396178399438EB40 /* Pods-Flix MoviesTests.debug.xcconfig */ = {isa = PBXFileReference; includeInIndex = 1; lastKnownFileType = text.xcconfig; name = "Pods-Flix MoviesTests.debug.xcconfig"; path = "Target Support Files/Pods-Flix MoviesTests/Pods-Flix MoviesTests.debug.xcconfig"; sourceTree = "<group>"; };
		2C1C6394BCF8D51CBB4CFBCE /* Pods-Flix Movies.debug.xcconfig */ = {isa = PBXFileReference; includeInIndex = 1; lastKnownFileType = text.xcconfig; name = "Pods-Flix Movies.debug.xcconfig"; path = "Target Support Files/Pods-Flix Movies/Pods-Flix Movies.debug.xcconfig"; sourceTree = "<group>"; };
		3D9E2923AF75C68C507DA3AB /* Pods-Flix MoviesTests.release.xcconfig */ = {isa = PBXFileReference; includeInIndex = 1; lastKnownFileType = text.xcconfig; name = "Pods-Flix MoviesTests.release.xcconfig"; path = "Target Support Files/Pods-Flix MoviesTests/Pods-Flix MoviesTests.release.xcconfig"; sourceTree = "<group>"; };
		92DA139A27CABE5500C8DBF8 /* MovieDetailsViewController.swift */ = {isa = PBXFileReference; lastKnownFileType = sourcecode.swift; path = MovieDetailsViewController.swift; sourceTree = "<group>"; };
		92DA139C27CACF5300C8DBF8 /* MovieGridViewController.swift */ = {isa = PBXFileReference; lastKnownFileType = sourcecode.swift; path = MovieGridViewController.swift; sourceTree = "<group>"; };
		92DA139E27CAD1F200C8DBF8 /* MoviegridCell.swift */ = {isa = PBXFileReference; lastKnownFileType = sourcecode.swift; path = MoviegridCell.swift; sourceTree = "<group>"; };
		92E473A627C1AA5A003FBEE7 /* Flix Movies.app */ = {isa = PBXFileReference; explicitFileType = wrapper.application; includeInIndex = 0; path = "Flix Movies.app"; sourceTree = BUILT_PRODUCTS_DIR; };
		92E473A927C1AA5A003FBEE7 /* AppDelegate.swift */ = {isa = PBXFileReference; lastKnownFileType = sourcecode.swift; path = AppDelegate.swift; sourceTree = "<group>"; };
		92E473AB27C1AA5A003FBEE7 /* SceneDelegate.swift */ = {isa = PBXFileReference; lastKnownFileType = sourcecode.swift; path = SceneDelegate.swift; sourceTree = "<group>"; };
		92E473AD27C1AA5A003FBEE7 /* ViewController.swift */ = {isa = PBXFileReference; lastKnownFileType = sourcecode.swift; path = ViewController.swift; sourceTree = "<group>"; };
		92E473B027C1AA5A003FBEE7 /* Base */ = {isa = PBXFileReference; lastKnownFileType = file.storyboard; name = Base; path = Base.lproj/Main.storyboard; sourceTree = "<group>"; };
		92E473B227C1AA5C003FBEE7 /* Assets.xcassets */ = {isa = PBXFileReference; lastKnownFileType = folder.assetcatalog; path = Assets.xcassets; sourceTree = "<group>"; };
		92E473B527C1AA5C003FBEE7 /* Base */ = {isa = PBXFileReference; lastKnownFileType = file.storyboard; name = Base; path = Base.lproj/LaunchScreen.storyboard; sourceTree = "<group>"; };
		92E473B727C1AA5C003FBEE7 /* Info.plist */ = {isa = PBXFileReference; lastKnownFileType = text.plist.xml; path = Info.plist; sourceTree = "<group>"; };
		92E473BC27C1AA5D003FBEE7 /* Flix MoviesTests.xctest */ = {isa = PBXFileReference; explicitFileType = wrapper.cfbundle; includeInIndex = 0; path = "Flix MoviesTests.xctest"; sourceTree = BUILT_PRODUCTS_DIR; };
		92E473C027C1AA5D003FBEE7 /* Flix_MoviesTests.swift */ = {isa = PBXFileReference; lastKnownFileType = sourcecode.swift; path = Flix_MoviesTests.swift; sourceTree = "<group>"; };
		92E473C627C1AA5D003FBEE7 /* Flix MoviesUITests.xctest */ = {isa = PBXFileReference; explicitFileType = wrapper.cfbundle; includeInIndex = 0; path = "Flix MoviesUITests.xctest"; sourceTree = BUILT_PRODUCTS_DIR; };
		92E473CA27C1AA5D003FBEE7 /* Flix_MoviesUITests.swift */ = {isa = PBXFileReference; lastKnownFileType = sourcecode.swift; path = Flix_MoviesUITests.swift; sourceTree = "<group>"; };
		92E473CC27C1AA5D003FBEE7 /* Flix_MoviesUITestsLaunchTests.swift */ = {isa = PBXFileReference; lastKnownFileType = sourcecode.swift; path = Flix_MoviesUITestsLaunchTests.swift; sourceTree = "<group>"; };
		92E473D927C1AA9C003FBEE7 /* MovieViewController.swift */ = {isa = PBXFileReference; lastKnownFileType = sourcecode.swift; path = MovieViewController.swift; sourceTree = "<group>"; };
		92E473DB27C1B024003FBEE7 /* MovieCell.swift */ = {isa = PBXFileReference; lastKnownFileType = sourcecode.swift; path = MovieCell.swift; sourceTree = "<group>"; };
		A03470C92EA3DDE2EC1469AF /* Pods-Flix Movies.release.xcconfig */ = {isa = PBXFileReference; includeInIndex = 1; lastKnownFileType = text.xcconfig; name = "Pods-Flix Movies.release.xcconfig"; path = "Target Support Files/Pods-Flix Movies/Pods-Flix Movies.release.xcconfig"; sourceTree = "<group>"; };
		AB1A9D07F243E8D2C267FE69 /* Pods_Flix_MoviesTests.framework */ = {isa = PBXFileReference; explicitFileType = wrapper.framework; includeInIndex = 0; path = Pods_Flix_MoviesTests.framework; sourceTree = BUILT_PRODUCTS_DIR; };
		BE8352A4523F25658CE56641 /* Pods-Flix Movies-Flix MoviesUITests.release.xcconfig */ = {isa = PBXFileReference; includeInIndex = 1; lastKnownFileType = text.xcconfig; name = "Pods-Flix Movies-Flix MoviesUITests.release.xcconfig"; path = "Target Support Files/Pods-Flix Movies-Flix MoviesUITests/Pods-Flix Movies-Flix MoviesUITests.release.xcconfig"; sourceTree = "<group>"; };
		D32357109CF531CE47E02200 /* Pods_Flix_Movies.framework */ = {isa = PBXFileReference; explicitFileType = wrapper.framework; includeInIndex = 0; path = Pods_Flix_Movies.framework; sourceTree = BUILT_PRODUCTS_DIR; };
/* End PBXFileReference section */

/* Begin PBXFrameworksBuildPhase section */
		92E473A327C1AA5A003FBEE7 /* Frameworks */ = {
			isa = PBXFrameworksBuildPhase;
			buildActionMask = 2147483647;
			files = (
				92E473DF27C1B479003FBEE7 /* AlamofireImage in Frameworks */,
				C002205D77863D1EFFA2BFCC /* Pods_Flix_Movies.framework in Frameworks */,
			);
			runOnlyForDeploymentPostprocessing = 0;
		};
		92E473B927C1AA5D003FBEE7 /* Frameworks */ = {
			isa = PBXFrameworksBuildPhase;
			buildActionMask = 2147483647;
			files = (
				7AD12B106144A0B6EB3C3BD7 /* Pods_Flix_MoviesTests.framework in Frameworks */,
			);
			runOnlyForDeploymentPostprocessing = 0;
		};
		92E473C327C1AA5D003FBEE7 /* Frameworks */ = {
			isa = PBXFrameworksBuildPhase;
			buildActionMask = 2147483647;
			files = (
				AAE1E31776401210A1629B43 /* Pods_Flix_Movies_Flix_MoviesUITests.framework in Frameworks */,
			);
			runOnlyForDeploymentPostprocessing = 0;
		};
/* End PBXFrameworksBuildPhase section */

/* Begin PBXGroup section */
		09E1795049F14D6B3B7C578F /* Frameworks */ = {
			isa = PBXGroup;
			children = (
				D32357109CF531CE47E02200 /* Pods_Flix_Movies.framework */,
				1B9CCA0B13296ECBE8C15221 /* Pods_Flix_Movies_Flix_MoviesUITests.framework */,
				AB1A9D07F243E8D2C267FE69 /* Pods_Flix_MoviesTests.framework */,
			);
			name = Frameworks;
			sourceTree = "<group>";
		};
		92E4739D27C1AA5A003FBEE7 = {
			isa = PBXGroup;
			children = (
				92E473A827C1AA5A003FBEE7 /* Flix Movies */,
				92E473BF27C1AA5D003FBEE7 /* Flix MoviesTests */,
				92E473C927C1AA5D003FBEE7 /* Flix MoviesUITests */,
				92E473A727C1AA5A003FBEE7 /* Products */,
				9FBFF6376E2000E029FB8F89 /* Pods */,
				09E1795049F14D6B3B7C578F /* Frameworks */,
			);
			sourceTree = "<group>";
		};
		92E473A727C1AA5A003FBEE7 /* Products */ = {
			isa = PBXGroup;
			children = (
				92E473A627C1AA5A003FBEE7 /* Flix Movies.app */,
				92E473BC27C1AA5D003FBEE7 /* Flix MoviesTests.xctest */,
				92E473C627C1AA5D003FBEE7 /* Flix MoviesUITests.xctest */,
			);
			name = Products;
			sourceTree = "<group>";
		};
		92E473A827C1AA5A003FBEE7 /* Flix Movies */ = {
			isa = PBXGroup;
			children = (
				92E473A927C1AA5A003FBEE7 /* AppDelegate.swift */,
				92DA139A27CABE5500C8DBF8 /* MovieDetailsViewController.swift */,
				92E473AB27C1AA5A003FBEE7 /* SceneDelegate.swift */,
				92E473AD27C1AA5A003FBEE7 /* ViewController.swift */,
				92E473D927C1AA9C003FBEE7 /* MovieViewController.swift */,
				92E473AF27C1AA5A003FBEE7 /* Main.storyboard */,
				92E473B227C1AA5C003FBEE7 /* Assets.xcassets */,
				92E473B427C1AA5C003FBEE7 /* LaunchScreen.storyboard */,
				92E473B727C1AA5C003FBEE7 /* Info.plist */,
				92E473DB27C1B024003FBEE7 /* MovieCell.swift */,
				92DA139C27CACF5300C8DBF8 /* MovieGridViewController.swift */,
				92DA139E27CAD1F200C8DBF8 /* MoviegridCell.swift */,
			);
			path = "Flix Movies";
			sourceTree = "<group>";
		};
		92E473BF27C1AA5D003FBEE7 /* Flix MoviesTests */ = {
			isa = PBXGroup;
			children = (
				92E473C027C1AA5D003FBEE7 /* Flix_MoviesTests.swift */,
			);
			path = "Flix MoviesTests";
			sourceTree = "<group>";
		};
		92E473C927C1AA5D003FBEE7 /* Flix MoviesUITests */ = {
			isa = PBXGroup;
			children = (
				92E473CA27C1AA5D003FBEE7 /* Flix_MoviesUITests.swift */,
				92E473CC27C1AA5D003FBEE7 /* Flix_MoviesUITestsLaunchTests.swift */,
			);
			path = "Flix MoviesUITests";
			sourceTree = "<group>";
		};
		9FBFF6376E2000E029FB8F89 /* Pods */ = {
			isa = PBXGroup;
			children = (
				2C1C6394BCF8D51CBB4CFBCE /* Pods-Flix Movies.debug.xcconfig */,
				A03470C92EA3DDE2EC1469AF /* Pods-Flix Movies.release.xcconfig */,
				001727CFAF38A2F941B3AF3A /* Pods-Flix Movies-Flix MoviesUITests.debug.xcconfig */,
				BE8352A4523F25658CE56641 /* Pods-Flix Movies-Flix MoviesUITests.release.xcconfig */,
				1D947AF5396178399438EB40 /* Pods-Flix MoviesTests.debug.xcconfig */,
				3D9E2923AF75C68C507DA3AB /* Pods-Flix MoviesTests.release.xcconfig */,
			);
			path = Pods;
			sourceTree = "<group>";
		};
/* End PBXGroup section */

/* Begin PBXNativeTarget section */
		92E473A527C1AA5A003FBEE7 /* Flix Movies */ = {
			isa = PBXNativeTarget;
			buildConfigurationList = 92E473D027C1AA5D003FBEE7 /* Build configuration list for PBXNativeTarget "Flix Movies" */;
			buildPhases = (
				5DB5EE74B29F5CB76261F246 /* [CP] Check Pods Manifest.lock */,
				92E473A227C1AA5A003FBEE7 /* Sources */,
				92E473A327C1AA5A003FBEE7 /* Frameworks */,
				92E473A427C1AA5A003FBEE7 /* Resources */,
				60FE801C82F5B53CB7D86FAB /* [CP] Embed Pods Frameworks */,
			);
			buildRules = (
			);
			dependencies = (
			);
			name = "Flix Movies";
			packageProductDependencies = (
				92E473DE27C1B479003FBEE7 /* AlamofireImage */,
			);
			productName = "Flix Movies";
			productReference = 92E473A627C1AA5A003FBEE7 /* Flix Movies.app */;
			productType = "com.apple.product-type.application";
		};
		92E473BB27C1AA5D003FBEE7 /* Flix MoviesTests */ = {
			isa = PBXNativeTarget;
			buildConfigurationList = 92E473D327C1AA5D003FBEE7 /* Build configuration list for PBXNativeTarget "Flix MoviesTests" */;
			buildPhases = (
				6E20291B39020DB9A1F8F6DD /* [CP] Check Pods Manifest.lock */,
				92E473B827C1AA5D003FBEE7 /* Sources */,
				92E473B927C1AA5D003FBEE7 /* Frameworks */,
				92E473BA27C1AA5D003FBEE7 /* Resources */,
			);
			buildRules = (
			);
			dependencies = (
				92E473BE27C1AA5D003FBEE7 /* PBXTargetDependency */,
			);
			name = "Flix MoviesTests";
			productName = "Flix MoviesTests";
			productReference = 92E473BC27C1AA5D003FBEE7 /* Flix MoviesTests.xctest */;
			productType = "com.apple.product-type.bundle.unit-test";
		};
		92E473C527C1AA5D003FBEE7 /* Flix MoviesUITests */ = {
			isa = PBXNativeTarget;
			buildConfigurationList = 92E473D627C1AA5D003FBEE7 /* Build configuration list for PBXNativeTarget "Flix MoviesUITests" */;
			buildPhases = (
				66075E0C6FBE5C94149DC879 /* [CP] Check Pods Manifest.lock */,
				92E473C227C1AA5D003FBEE7 /* Sources */,
				92E473C327C1AA5D003FBEE7 /* Frameworks */,
				92E473C427C1AA5D003FBEE7 /* Resources */,
				60F9EFCEAC2282F022F5B66D /* [CP] Embed Pods Frameworks */,
			);
			buildRules = (
			);
			dependencies = (
				92E473C827C1AA5D003FBEE7 /* PBXTargetDependency */,
			);
			name = "Flix MoviesUITests";
			productName = "Flix MoviesUITests";
			productReference = 92E473C627C1AA5D003FBEE7 /* Flix MoviesUITests.xctest */;
			productType = "com.apple.product-type.bundle.ui-testing";
		};
/* End PBXNativeTarget section */

/* Begin PBXProject section */
		92E4739E27C1AA5A003FBEE7 /* Project object */ = {
			isa = PBXProject;
			attributes = {
				BuildIndependentTargetsInParallel = 1;
				LastSwiftUpdateCheck = 1320;
				LastUpgradeCheck = 1320;
				TargetAttributes = {
					92E473A527C1AA5A003FBEE7 = {
						CreatedOnToolsVersion = 13.2.1;
					};
					92E473BB27C1AA5D003FBEE7 = {
						CreatedOnToolsVersion = 13.2.1;
						TestTargetID = 92E473A527C1AA5A003FBEE7;
					};
					92E473C527C1AA5D003FBEE7 = {
						CreatedOnToolsVersion = 13.2.1;
						TestTargetID = 92E473A527C1AA5A003FBEE7;
					};
				};
			};
			buildConfigurationList = 92E473A127C1AA5A003FBEE7 /* Build configuration list for PBXProject "Flix Movies" */;
			compatibilityVersion = "Xcode 13.0";
			developmentRegion = en;
			hasScannedForEncodings = 0;
			knownRegions = (
				en,
				Base,
			);
			mainGroup = 92E4739D27C1AA5A003FBEE7;
			packageReferences = (
				92E473DD27C1B479003FBEE7 /* XCRemoteSwiftPackageReference "AlamofireImage" */,
			);
			productRefGroup = 92E473A727C1AA5A003FBEE7 /* Products */;
			projectDirPath = "";
			projectRoot = "";
			targets = (
				92E473A527C1AA5A003FBEE7 /* Flix Movies */,
				92E473BB27C1AA5D003FBEE7 /* Flix MoviesTests */,
				92E473C527C1AA5D003FBEE7 /* Flix MoviesUITests */,
			);
		};
/* End PBXProject section */

/* Begin PBXResourcesBuildPhase section */
		92E473A427C1AA5A003FBEE7 /* Resources */ = {
			isa = PBXResourcesBuildPhase;
			buildActionMask = 2147483647;
			files = (
				92E473B627C1AA5C003FBEE7 /* LaunchScreen.storyboard in Resources */,
				92E473B327C1AA5C003FBEE7 /* Assets.xcassets in Resources */,
				92E473B127C1AA5A003FBEE7 /* Main.storyboard in Resources */,
			);
			runOnlyForDeploymentPostprocessing = 0;
		};
		92E473BA27C1AA5D003FBEE7 /* Resources */ = {
			isa = PBXResourcesBuildPhase;
			buildActionMask = 2147483647;
			files = (
			);
			runOnlyForDeploymentPostprocessing = 0;
		};
		92E473C427C1AA5D003FBEE7 /* Resources */ = {
			isa = PBXResourcesBuildPhase;
			buildActionMask = 2147483647;
			files = (
			);
			runOnlyForDeploymentPostprocessing = 0;
		};
/* End PBXResourcesBuildPhase section */

/* Begin PBXShellScriptBuildPhase section */
		5DB5EE74B29F5CB76261F246 /* [CP] Check Pods Manifest.lock */ = {
			isa = PBXShellScriptBuildPhase;
			buildActionMask = 2147483647;
			files = (
			);
			inputFileListPaths = (
			);
			inputPaths = (
				"${PODS_PODFILE_DIR_PATH}/Podfile.lock",
				"${PODS_ROOT}/Manifest.lock",
			);
			name = "[CP] Check Pods Manifest.lock";
			outputFileListPaths = (
			);
			outputPaths = (
				"$(DERIVED_FILE_DIR)/Pods-Flix Movies-checkManifestLockResult.txt",
			);
			runOnlyForDeploymentPostprocessing = 0;
			shellPath = /bin/sh;
			shellScript = "diff \"${PODS_PODFILE_DIR_PATH}/Podfile.lock\" \"${PODS_ROOT}/Manifest.lock\" > /dev/null\nif [ $? != 0 ] ; then\n    # print error to STDERR\n    echo \"error: The sandbox is not in sync with the Podfile.lock. Run 'pod install' or update your CocoaPods installation.\" >&2\n    exit 1\nfi\n# This output is used by Xcode 'outputs' to avoid re-running this script phase.\necho \"SUCCESS\" > \"${SCRIPT_OUTPUT_FILE_0}\"\n";
			showEnvVarsInLog = 0;
		};
		60F9EFCEAC2282F022F5B66D /* [CP] Embed Pods Frameworks */ = {
			isa = PBXShellScriptBuildPhase;
			buildActionMask = 2147483647;
			files = (
			);
			inputFileListPaths = (
				"${PODS_ROOT}/Target Support Files/Pods-Flix Movies-Flix MoviesUITests/Pods-Flix Movies-Flix MoviesUITests-frameworks-${CONFIGURATION}-input-files.xcfilelist",
			);
			name = "[CP] Embed Pods Frameworks";
			outputFileListPaths = (
				"${PODS_ROOT}/Target Support Files/Pods-Flix Movies-Flix MoviesUITests/Pods-Flix Movies-Flix MoviesUITests-frameworks-${CONFIGURATION}-output-files.xcfilelist",
			);
			runOnlyForDeploymentPostprocessing = 0;
			shellPath = /bin/sh;
			shellScript = "\"${PODS_ROOT}/Target Support Files/Pods-Flix Movies-Flix MoviesUITests/Pods-Flix Movies-Flix MoviesUITests-frameworks.sh\"\n";
			showEnvVarsInLog = 0;
		};
		60FE801C82F5B53CB7D86FAB /* [CP] Embed Pods Frameworks */ = {
			isa = PBXShellScriptBuildPhase;
			buildActionMask = 2147483647;
			files = (
			);
			inputFileListPaths = (
				"${PODS_ROOT}/Target Support Files/Pods-Flix Movies/Pods-Flix Movies-frameworks-${CONFIGURATION}-input-files.xcfilelist",
			);
			name = "[CP] Embed Pods Frameworks";
			outputFileListPaths = (
				"${PODS_ROOT}/Target Support Files/Pods-Flix Movies/Pods-Flix Movies-frameworks-${CONFIGURATION}-output-files.xcfilelist",
			);
			runOnlyForDeploymentPostprocessing = 0;
			shellPath = /bin/sh;
			shellScript = "\"${PODS_ROOT}/Target Support Files/Pods-Flix Movies/Pods-Flix Movies-frameworks.sh\"\n";
			showEnvVarsInLog = 0;
		};
		66075E0C6FBE5C94149DC879 /* [CP] Check Pods Manifest.lock */ = {
			isa = PBXShellScriptBuildPhase;
			buildActionMask = 2147483647;
			files = (
			);
			inputFileListPaths = (
			);
			inputPaths = (
				"${PODS_PODFILE_DIR_PATH}/Podfile.lock",
				"${PODS_ROOT}/Manifest.lock",
			);
			name = "[CP] Check Pods Manifest.lock";
			outputFileListPaths = (
			);
			outputPaths = (
				"$(DERIVED_FILE_DIR)/Pods-Flix Movies-Flix MoviesUITests-checkManifestLockResult.txt",
			);
			runOnlyForDeploymentPostprocessing = 0;
			shellPath = /bin/sh;
			shellScript = "diff \"${PODS_PODFILE_DIR_PATH}/Podfile.lock\" \"${PODS_ROOT}/Manifest.lock\" > /dev/null\nif [ $? != 0 ] ; then\n    # print error to STDERR\n    echo \"error: The sandbox is not in sync with the Podfile.lock. Run 'pod install' or update your CocoaPods installation.\" >&2\n    exit 1\nfi\n# This output is used by Xcode 'outputs' to avoid re-running this script phase.\necho \"SUCCESS\" > \"${SCRIPT_OUTPUT_FILE_0}\"\n";
			showEnvVarsInLog = 0;
		};
		6E20291B39020DB9A1F8F6DD /* [CP] Check Pods Manifest.lock */ = {
			isa = PBXShellScriptBuildPhase;
			buildActionMask = 2147483647;
			files = (
			);
			inputFileListPaths = (
			);
			inputPaths = (
				"${PODS_PODFILE_DIR_PATH}/Podfile.lock",
				"${PODS_ROOT}/Manifest.lock",
			);
			name = "[CP] Check Pods Manifest.lock";
			outputFileListPaths = (
			);
			outputPaths = (
				"$(DERIVED_FILE_DIR)/Pods-Flix MoviesTests-checkManifestLockResult.txt",
			);
			runOnlyForDeploymentPostprocessing = 0;
			shellPath = /bin/sh;
			shellScript = "diff \"${PODS_PODFILE_DIR_PATH}/Podfile.lock\" \"${PODS_ROOT}/Manifest.lock\" > /dev/null\nif [ $? != 0 ] ; then\n    # print error to STDERR\n    echo \"error: The sandbox is not in sync with the Podfile.lock. Run 'pod install' or update your CocoaPods installation.\" >&2\n    exit 1\nfi\n# This output is used by Xcode 'outputs' to avoid re-running this script phase.\necho \"SUCCESS\" > \"${SCRIPT_OUTPUT_FILE_0}\"\n";
			showEnvVarsInLog = 0;
		};
/* End PBXShellScriptBuildPhase section */

/* Begin PBXSourcesBuildPhase section */
		92E473A227C1AA5A003FBEE7 /* Sources */ = {
			isa = PBXSourcesBuildPhase;
			buildActionMask = 2147483647;
			files = (
				92E473AE27C1AA5A003FBEE7 /* ViewController.swift in Sources */,
				92E473AA27C1AA5A003FBEE7 /* AppDelegate.swift in Sources */,
				92DA139B27CABE5500C8DBF8 /* MovieDetailsViewController.swift in Sources */,
				92DA139D27CACF5300C8DBF8 /* MovieGridViewController.swift in Sources */,
				92DA139F27CAD1F200C8DBF8 /* MoviegridCell.swift in Sources */,
				92E473AC27C1AA5A003FBEE7 /* SceneDelegate.swift in Sources */,
				92E473DC27C1B024003FBEE7 /* MovieCell.swift in Sources */,
				92E473DA27C1AA9C003FBEE7 /* MovieViewController.swift in Sources */,
			);
			runOnlyForDeploymentPostprocessing = 0;
		};
		92E473B827C1AA5D003FBEE7 /* Sources */ = {
			isa = PBXSourcesBuildPhase;
			buildActionMask = 2147483647;
			files = (
				92E473C127C1AA5D003FBEE7 /* Flix_MoviesTests.swift in Sources */,
			);
			runOnlyForDeploymentPostprocessing = 0;
		};
		92E473C227C1AA5D003FBEE7 /* Sources */ = {
			isa = PBXSourcesBuildPhase;
			buildActionMask = 2147483647;
			files = (
				92E473CD27C1AA5D003FBEE7 /* Flix_MoviesUITestsLaunchTests.swift in Sources */,
				92E473CB27C1AA5D003FBEE7 /* Flix_MoviesUITests.swift in Sources */,
			);
			runOnlyForDeploymentPostprocessing = 0;
		};
/* End PBXSourcesBuildPhase section */

/* Begin PBXTargetDependency section */
		92E473BE27C1AA5D003FBEE7 /* PBXTargetDependency */ = {
			isa = PBXTargetDependency;
			target = 92E473A527C1AA5A003FBEE7 /* Flix Movies */;
			targetProxy = 92E473BD27C1AA5D003FBEE7 /* PBXContainerItemProxy */;
		};
		92E473C827C1AA5D003FBEE7 /* PBXTargetDependency */ = {
			isa = PBXTargetDependency;
			target = 92E473A527C1AA5A003FBEE7 /* Flix Movies */;
			targetProxy = 92E473C727C1AA5D003FBEE7 /* PBXContainerItemProxy */;
		};
/* End PBXTargetDependency section */

/* Begin PBXVariantGroup section */
		92E473AF27C1AA5A003FBEE7 /* Main.storyboard */ = {
			isa = PBXVariantGroup;
			children = (
				92E473B027C1AA5A003FBEE7 /* Base */,
			);
			name = Main.storyboard;
			sourceTree = "<group>";
		};
		92E473B427C1AA5C003FBEE7 /* LaunchScreen.storyboard */ = {
			isa = PBXVariantGroup;
			children = (
				92E473B527C1AA5C003FBEE7 /* Base */,
			);
			name = LaunchScreen.storyboard;
			sourceTree = "<group>";
		};
/* End PBXVariantGroup section */

/* Begin XCBuildConfiguration section */
		92E473CE27C1AA5D003FBEE7 /* Debug */ = {
			isa = XCBuildConfiguration;
			buildSettings = {
				ALWAYS_SEARCH_USER_PATHS = NO;
				CLANG_ANALYZER_NONNULL = YES;
				CLANG_ANALYZER_NUMBER_OBJECT_CONVERSION = YES_AGGRESSIVE;
				CLANG_CXX_LANGUAGE_STANDARD = "gnu++17";
				CLANG_CXX_LIBRARY = "libc++";
				CLANG_ENABLE_MODULES = YES;
				CLANG_ENABLE_OBJC_ARC = YES;
				CLANG_ENABLE_OBJC_WEAK = YES;
				CLANG_WARN_BLOCK_CAPTURE_AUTORELEASING = YES;
				CLANG_WARN_BOOL_CONVERSION = YES;
				CLANG_WARN_COMMA = YES;
				CLANG_WARN_CONSTANT_CONVERSION = YES;
				CLANG_WARN_DEPRECATED_OBJC_IMPLEMENTATIONS = YES;
				CLANG_WARN_DIRECT_OBJC_ISA_USAGE = YES_ERROR;
				CLANG_WARN_DOCUMENTATION_COMMENTS = YES;
				CLANG_WARN_EMPTY_BODY = YES;
				CLANG_WARN_ENUM_CONVERSION = YES;
				CLANG_WARN_INFINITE_RECURSION = YES;
				CLANG_WARN_INT_CONVERSION = YES;
				CLANG_WARN_NON_LITERAL_NULL_CONVERSION = YES;
				CLANG_WARN_OBJC_IMPLICIT_RETAIN_SELF = YES;
				CLANG_WARN_OBJC_LITERAL_CONVERSION = YES;
				CLANG_WARN_OBJC_ROOT_CLASS = YES_ERROR;
				CLANG_WARN_QUOTED_INCLUDE_IN_FRAMEWORK_HEADER = YES;
				CLANG_WARN_RANGE_LOOP_ANALYSIS = YES;
				CLANG_WARN_STRICT_PROTOTYPES = YES;
				CLANG_WARN_SUSPICIOUS_MOVE = YES;
				CLANG_WARN_UNGUARDED_AVAILABILITY = YES_AGGRESSIVE;
				CLANG_WARN_UNREACHABLE_CODE = YES;
				CLANG_WARN__DUPLICATE_METHOD_MATCH = YES;
				COPY_PHASE_STRIP = NO;
				DEBUG_INFORMATION_FORMAT = dwarf;
				ENABLE_STRICT_OBJC_MSGSEND = YES;
				ENABLE_TESTABILITY = YES;
				GCC_C_LANGUAGE_STANDARD = gnu11;
				GCC_DYNAMIC_NO_PIC = NO;
				GCC_NO_COMMON_BLOCKS = YES;
				GCC_OPTIMIZATION_LEVEL = 0;
				GCC_PREPROCESSOR_DEFINITIONS = (
					"DEBUG=1",
					"$(inherited)",
				);
				GCC_WARN_64_TO_32_BIT_CONVERSION = YES;
				GCC_WARN_ABOUT_RETURN_TYPE = YES_ERROR;
				GCC_WARN_UNDECLARED_SELECTOR = YES;
				GCC_WARN_UNINITIALIZED_AUTOS = YES_AGGRESSIVE;
				GCC_WARN_UNUSED_FUNCTION = YES;
				GCC_WARN_UNUSED_VARIABLE = YES;
				IPHONEOS_DEPLOYMENT_TARGET = 15.2;
				MTL_ENABLE_DEBUG_INFO = INCLUDE_SOURCE;
				MTL_FAST_MATH = YES;
				ONLY_ACTIVE_ARCH = YES;
				SDKROOT = iphoneos;
				SWIFT_ACTIVE_COMPILATION_CONDITIONS = DEBUG;
				SWIFT_OPTIMIZATION_LEVEL = "-Onone";
			};
			name = Debug;
		};
		92E473CF27C1AA5D003FBEE7 /* Release */ = {
			isa = XCBuildConfiguration;
			buildSettings = {
				ALWAYS_SEARCH_USER_PATHS = NO;
				CLANG_ANALYZER_NONNULL = YES;
				CLANG_ANALYZER_NUMBER_OBJECT_CONVERSION = YES_AGGRESSIVE;
				CLANG_CXX_LANGUAGE_STANDARD = "gnu++17";
				CLANG_CXX_LIBRARY = "libc++";
				CLANG_ENABLE_MODULES = YES;
				CLANG_ENABLE_OBJC_ARC = YES;
				CLANG_ENABLE_OBJC_WEAK = YES;
				CLANG_WARN_BLOCK_CAPTURE_AUTORELEASING = YES;
				CLANG_WARN_BOOL_CONVERSION = YES;
				CLANG_WARN_COMMA = YES;
				CLANG_WARN_CONSTANT_CONVERSION = YES;
				CLANG_WARN_DEPRECATED_OBJC_IMPLEMENTATIONS = YES;
				CLANG_WARN_DIRECT_OBJC_ISA_USAGE = YES_ERROR;
				CLANG_WARN_DOCUMENTATION_COMMENTS = YES;
				CLANG_WARN_EMPTY_BODY = YES;
				CLANG_WARN_ENUM_CONVERSION = YES;
				CLANG_WARN_INFINITE_RECURSION = YES;
				CLANG_WARN_INT_CONVERSION = YES;
				CLANG_WARN_NON_LITERAL_NULL_CONVERSION = YES;
				CLANG_WARN_OBJC_IMPLICIT_RETAIN_SELF = YES;
				CLANG_WARN_OBJC_LITERAL_CONVERSION = YES;
				CLANG_WARN_OBJC_ROOT_CLASS = YES_ERROR;
				CLANG_WARN_QUOTED_INCLUDE_IN_FRAMEWORK_HEADER = YES;
				CLANG_WARN_RANGE_LOOP_ANALYSIS = YES;
				CLANG_WARN_STRICT_PROTOTYPES = YES;
				CLANG_WARN_SUSPICIOUS_MOVE = YES;
				CLANG_WARN_UNGUARDED_AVAILABILITY = YES_AGGRESSIVE;
				CLANG_WARN_UNREACHABLE_CODE = YES;
				CLANG_WARN__DUPLICATE_METHOD_MATCH = YES;
				COPY_PHASE_STRIP = NO;
				DEBUG_INFORMATION_FORMAT = "dwarf-with-dsym";
				ENABLE_NS_ASSERTIONS = NO;
				ENABLE_STRICT_OBJC_MSGSEND = YES;
				GCC_C_LANGUAGE_STANDARD = gnu11;
				GCC_NO_COMMON_BLOCKS = YES;
				GCC_WARN_64_TO_32_BIT_CONVERSION = YES;
				GCC_WARN_ABOUT_RETURN_TYPE = YES_ERROR;
				GCC_WARN_UNDECLARED_SELECTOR = YES;
				GCC_WARN_UNINITIALIZED_AUTOS = YES_AGGRESSIVE;
				GCC_WARN_UNUSED_FUNCTION = YES;
				GCC_WARN_UNUSED_VARIABLE = YES;
				IPHONEOS_DEPLOYMENT_TARGET = 15.2;
				MTL_ENABLE_DEBUG_INFO = NO;
				MTL_FAST_MATH = YES;
				SDKROOT = iphoneos;
				SWIFT_COMPILATION_MODE = wholemodule;
				SWIFT_OPTIMIZATION_LEVEL = "-O";
				VALIDATE_PRODUCT = YES;
			};
			name = Release;
		};
		92E473D127C1AA5D003FBEE7 /* Debug */ = {
			isa = XCBuildConfiguration;
			baseConfigurationReference = 2C1C6394BCF8D51CBB4CFBCE /* Pods-Flix Movies.debug.xcconfig */;
			buildSettings = {
				ASSETCATALOG_COMPILER_APPICON_NAME = AppIcon;
				ASSETCATALOG_COMPILER_GLOBAL_ACCENT_COLOR_NAME = AccentColor;
				CODE_SIGN_STYLE = Automatic;
				CURRENT_PROJECT_VERSION = 1;
				DEVELOPMENT_TEAM = LLMYHCQ2SA;
				GENERATE_INFOPLIST_FILE = YES;
				INFOPLIST_FILE = "Flix Movies/Info.plist";
				INFOPLIST_KEY_UIApplicationSupportsIndirectInputEvents = YES;
				INFOPLIST_KEY_UILaunchStoryboardName = LaunchScreen;
				INFOPLIST_KEY_UIMainStoryboardFile = Main;
				INFOPLIST_KEY_UISupportedInterfaceOrientations_iPad = "UIInterfaceOrientationPortrait UIInterfaceOrientationPortraitUpsideDown UIInterfaceOrientationLandscapeLeft UIInterfaceOrientationLandscapeRight";
				INFOPLIST_KEY_UISupportedInterfaceOrientations_iPhone = "UIInterfaceOrientationPortrait UIInterfaceOrientationLandscapeLeft UIInterfaceOrientationLandscapeRight";
				LD_RUNPATH_SEARCH_PATHS = (
					"$(inherited)",
					"@executable_path/Frameworks",
				);
				MARKETING_VERSION = 1.0;
				PRODUCT_BUNDLE_IDENTIFIER = "AnthonyIndustries.Flix-Movies";
				PRODUCT_NAME = "$(TARGET_NAME)";
				SWIFT_EMIT_LOC_STRINGS = YES;
				SWIFT_VERSION = 5.0;
				TARGETED_DEVICE_FAMILY = "1,2";
			};
			name = Debug;
		};
		92E473D227C1AA5D003FBEE7 /* Release */ = {
			isa = XCBuildConfiguration;
			baseConfigurationReference = A03470C92EA3DDE2EC1469AF /* Pods-Flix Movies.release.xcconfig */;
			buildSettings = {
				ASSETCATALOG_COMPILER_APPICON_NAME = AppIcon;
				ASSETCATALOG_COMPILER_GLOBAL_ACCENT_COLOR_NAME = AccentColor;
				CODE_SIGN_STYLE = Automatic;
				CURRENT_PROJECT_VERSION = 1;
				DEVELOPMENT_TEAM = LLMYHCQ2SA;
				GENERATE_INFOPLIST_FILE = YES;
				INFOPLIST_FILE = "Flix Movies/Info.plist";
				INFOPLIST_KEY_UIApplicationSupportsIndirectInputEvents = YES;
				INFOPLIST_KEY_UILaunchStoryboardName = LaunchScreen;
				INFOPLIST_KEY_UIMainStoryboardFile = Main;
				INFOPLIST_KEY_UISupportedInterfaceOrientations_iPad = "UIInterfaceOrientationPortrait UIInterfaceOrientationPortraitUpsideDown UIInterfaceOrientationLandscapeLeft UIInterfaceOrientationLandscapeRight";
				INFOPLIST_KEY_UISupportedInterfaceOrientations_iPhone = "UIInterfaceOrientationPortrait UIInterfaceOrientationLandscapeLeft UIInterfaceOrientationLandscapeRight";
				LD_RUNPATH_SEARCH_PATHS = (
					"$(inherited)",
					"@executable_path/Frameworks",
				);
				MARKETING_VERSION = 1.0;
				PRODUCT_BUNDLE_IDENTIFIER = "AnthonyIndustries.Flix-Movies";
				PRODUCT_NAME = "$(TARGET_NAME)";
				SWIFT_EMIT_LOC_STRINGS = YES;
				SWIFT_VERSION = 5.0;
				TARGETED_DEVICE_FAMILY = "1,2";
			};
			name = Release;
		};
		92E473D427C1AA5D003FBEE7 /* Debug */ = {
			isa = XCBuildConfiguration;
			baseConfigurationReference = 1D947AF5396178399438EB40 /* Pods-Flix MoviesTests.debug.xcconfig */;
			buildSettings = {
				ALWAYS_EMBED_SWIFT_STANDARD_LIBRARIES = YES;
				BUNDLE_LOADER = "$(TEST_HOST)";
				CODE_SIGN_STYLE = Automatic;
				CURRENT_PROJECT_VERSION = 1;
				DEVELOPMENT_TEAM = LLMYHCQ2SA;
				GENERATE_INFOPLIST_FILE = YES;
				IPHONEOS_DEPLOYMENT_TARGET = 15.2;
				MARKETING_VERSION = 1.0;
				PRODUCT_BUNDLE_IDENTIFIER = "AnthonyIndustries.Flix-MoviesTests";
				PRODUCT_NAME = "$(TARGET_NAME)";
				SWIFT_EMIT_LOC_STRINGS = NO;
				SWIFT_VERSION = 5.0;
				TARGETED_DEVICE_FAMILY = "1,2";
				TEST_HOST = "$(BUILT_PRODUCTS_DIR)/Flix Movies.app/Flix Movies";
			};
			name = Debug;
		};
		92E473D527C1AA5D003FBEE7 /* Release */ = {
			isa = XCBuildConfiguration;
			baseConfigurationReference = 3D9E2923AF75C68C507DA3AB /* Pods-Flix MoviesTests.release.xcconfig */;
			buildSettings = {
				ALWAYS_EMBED_SWIFT_STANDARD_LIBRARIES = YES;
				BUNDLE_LOADER = "$(TEST_HOST)";
				CODE_SIGN_STYLE = Automatic;
				CURRENT_PROJECT_VERSION = 1;
				DEVELOPMENT_TEAM = LLMYHCQ2SA;
				GENERATE_INFOPLIST_FILE = YES;
				IPHONEOS_DEPLOYMENT_TARGET = 15.2;
				MARKETING_VERSION = 1.0;
				PRODUCT_BUNDLE_IDENTIFIER = "AnthonyIndustries.Flix-MoviesTests";
				PRODUCT_NAME = "$(TARGET_NAME)";
				SWIFT_EMIT_LOC_STRINGS = NO;
				SWIFT_VERSION = 5.0;
				TARGETED_DEVICE_FAMILY = "1,2";
				TEST_HOST = "$(BUILT_PRODUCTS_DIR)/Flix Movies.app/Flix Movies";
			};
			name = Release;
		};
		92E473D727C1AA5D003FBEE7 /* Debug */ = {
			isa = XCBuildConfiguration;
			baseConfigurationReference = 001727CFAF38A2F941B3AF3A /* Pods-Flix Movies-Flix MoviesUITests.debug.xcconfig */;
			buildSettings = {
				ALWAYS_EMBED_SWIFT_STANDARD_LIBRARIES = YES;
				CODE_SIGN_STYLE = Automatic;
				CURRENT_PROJECT_VERSION = 1;
				DEVELOPMENT_TEAM = LLMYHCQ2SA;
				GENERATE_INFOPLIST_FILE = YES;
				MARKETING_VERSION = 1.0;
				PRODUCT_BUNDLE_IDENTIFIER = "AnthonyIndustries.Flix-MoviesUITests";
				PRODUCT_NAME = "$(TARGET_NAME)";
				SWIFT_EMIT_LOC_STRINGS = NO;
				SWIFT_VERSION = 5.0;
				TARGETED_DEVICE_FAMILY = "1,2";
				TEST_TARGET_NAME = "Flix Movies";
			};
			name = Debug;
		};
		92E473D827C1AA5D003FBEE7 /* Release */ = {
			isa = XCBuildConfiguration;
			baseConfigurationReference = BE8352A4523F25658CE56641 /* Pods-Flix Movies-Flix MoviesUITests.release.xcconfig */;
			buildSettings = {
				ALWAYS_EMBED_SWIFT_STANDARD_LIBRARIES = YES;
				CODE_SIGN_STYLE = Automatic;
				CURRENT_PROJECT_VERSION = 1;
				DEVELOPMENT_TEAM = LLMYHCQ2SA;
				GENERATE_INFOPLIST_FILE = YES;
				MARKETING_VERSION = 1.0;
				PRODUCT_BUNDLE_IDENTIFIER = "AnthonyIndustries.Flix-MoviesUITests";
				PRODUCT_NAME = "$(TARGET_NAME)";
				SWIFT_EMIT_LOC_STRINGS = NO;
				SWIFT_VERSION = 5.0;
				TARGETED_DEVICE_FAMILY = "1,2";
				TEST_TARGET_NAME = "Flix Movies";
			};
			name = Release;
		};
/* End XCBuildConfiguration section */

/* Begin XCConfigurationList section */
		92E473A127C1AA5A003FBEE7 /* Build configuration list for PBXProject "Flix Movies" */ = {
			isa = XCConfigurationList;
			buildConfigurations = (
				92E473CE27C1AA5D003FBEE7 /* Debug */,
				92E473CF27C1AA5D003FBEE7 /* Release */,
			);
			defaultConfigurationIsVisible = 0;
			defaultConfigurationName = Release;
		};
		92E473D027C1AA5D003FBEE7 /* Build configuration list for PBXNativeTarget "Flix Movies" */ = {
			isa = XCConfigurationList;
			buildConfigurations = (
				92E473D127C1AA5D003FBEE7 /* Debug */,
				92E473D227C1AA5D003FBEE7 /* Release */,
			);
			defaultConfigurationIsVisible = 0;
			defaultConfigurationName = Release;
		};
		92E473D327C1AA5D003FBEE7 /* Build configuration list for PBXNativeTarget "Flix MoviesTests" */ = {
			isa = XCConfigurationList;
			buildConfigurations = (
				92E473D427C1AA5D003FBEE7 /* Debug */,
				92E473D527C1AA5D003FBEE7 /* Release */,
			);
			defaultConfigurationIsVisible = 0;
			defaultConfigurationName = Release;
		};
		92E473D627C1AA5D003FBEE7 /* Build configuration list for PBXNativeTarget "Flix MoviesUITests" */ = {
			isa = XCConfigurationList;
			buildConfigurations = (
				92E473D727C1AA5D003FBEE7 /* Debug */,
				92E473D827C1AA5D003FBEE7 /* Release */,
			);
			defaultConfigurationIsVisible = 0;
			defaultConfigurationName = Release;
		};
/* End XCConfigurationList section */

/* Begin XCRemoteSwiftPackageReference section */
		92E473DD27C1B479003FBEE7 /* XCRemoteSwiftPackageReference "AlamofireImage" */ = {
			isa = XCRemoteSwiftPackageReference;
			repositoryURL = "https://github.com/Alamofire/AlamofireImage";
			requirement = {
				kind = upToNextMajorVersion;
				minimumVersion = 4.0.0;
			};
		};
/* End XCRemoteSwiftPackageReference section */

/* Begin XCSwiftPackageProductDependency section */
		92E473DE27C1B479003FBEE7 /* AlamofireImage */ = {
			isa = XCSwiftPackageProductDependency;
			package = 92E473DD27C1B479003FBEE7 /* XCRemoteSwiftPackageReference "AlamofireImage" */;
			productName = AlamofireImage;
		};
/* End XCSwiftPackageProductDependency section */
	};
	rootObject = 92E4739E27C1AA5A003FBEE7 /* Project object */;
}
